{
  "nodes": {
    "home-manager": {
      "inputs": {
        "nixpkgs": [
          "nixpkgs"
        ]
      },
      "locked": {
        "lastModified": 1782159472,
        "narHash": "sha256-S+/v+BWz9c8IbGhRM8L4UUVC5j2oZuAHj1b5XlkBjyw=",
        "owner": "nix-community",
        "repo": "home-manager",
        "rev": "351959fcdbe5cadec1c3434d7abd14dff31af2d5",
        "type": "github"
      },
      "original": {
        "owner": "nix-community",
        "repo": "home-manager",
        "type": "github"
      }
    },
    "nixpkgs": {
      "locked": {
        "lastModified": 1781808408,
        "narHash": "sha256-0sOb6OIaD/K1zHxBhpmlKvkADfe0n8+l4Jj2e1Q0r3w=",
        "owner": "nixos",
        "repo": "nixpkgs",
        "rev": "e8210c649915deed7080033cdbabcc19e40bb899",
        "type": "github"
      },
      "original": {
        "owner": "nixos",
        "ref": "nixos-26.05",
        "repo": "nixpkgs",
        "type": "github"
      }
    },
    "root": {
      "inputs": {
        "home-manager": "home-manager",
        "nixpkgs": "nixpkgs"
      }
    }
  },
  "root": "root",
  "version": 7
}
